
Microsoft Visual Studio Solution File, Format Version 12.00
# Visual Studio Version 17
VisualStudioVersion = 17.2.32630.192
MinimumVisualStudioVersion = 10.0.40219.1
Project("{9A19103F-16F7-4668-BE54-9A1E7A4F7556}") = "ContextFM.API", "ContextFM_Demo\ContextFM.API.csproj", "{8D2B98DE-68C3-4F7C-9978-3D19190BECAD}"
EndProject
Project("{FAE04EC0-301F-11D3-BF4B-00C04F79EFBC}") = "ContextFM.Models", "ContextFM.Models\ContextFM.Models.csproj", "{FA52EF52-BFAF-4B0B-9856-EC08D67319E0}"
EndProject
Project("{FAE04EC0-301F-11D3-BF4B-00C04F79EFBC}") = "ContextFM.Interfaces", "ContextFM.Interfaces\ContextFM.Interfaces.csproj", "{12ACF126-7D8A-44E8-A92C-952ADA8FDF65}"
EndProject
Project("{FAE04EC0-301F-11D3-BF4B-00C04F79EFBC}") = "ContextFM.Services", "ContextFM.Services\ContextFM.Services.csproj", "{F017335A-5BAC-41D7-BBD5-4CC52498294F}"
EndProject
Global
	GlobalSection(SolutionConfigurationPlatforms) = preSolution
		Debug|Any CPU = Debug|Any CPU
		Release|Any CPU = Release|Any CPU
	EndGlobalSection
	GlobalSection(ProjectConfigurationPlatforms) = postSolution
		{8D2B98DE-68C3-4F7C-9978-3D19190BECAD}.Debug|Any CPU.ActiveCfg = Debug|Any CPU
		{8D2B98DE-68C3-4F7C-9978-3D19190BECAD}.Debug|Any CPU.Build.0 = Debug|Any CPU
		{8D2B98DE-68C3-4F7C-9978-3D19190BECAD}.Release|Any CPU.ActiveCfg = Release|Any CPU
		{8D2B98DE-68C3-4F7C-9978-3D19190BECAD}.Release|Any CPU.Build.0 = Release|Any CPU
		{FA52EF52-BFAF-4B0B-9856-EC08D67319E0}.Debug|Any CPU.ActiveCfg = Debug|Any CPU
		{FA52EF52-BFAF-4B0B-9856-EC08D67319E0}.Debug|Any CPU.Build.0 = Debug|Any CPU
		{FA52EF52-BFAF-4B0B-9856-EC08D67319E0}.Release|Any CPU.ActiveCfg = Release|Any CPU
		{FA52EF52-BFAF-4B0B-9856-EC08D67319E0}.Release|Any CPU.Build.0 = Release|Any CPU
		{12ACF126-7D8A-44E8-A92C-952ADA8FDF65}.Debug|Any CPU.ActiveCfg = Debug|Any CPU
		{12ACF126-7D8A-44E8-A92C-952ADA8FDF65}.Debug|Any CPU.Build.0 = Debug|Any CPU
		{12ACF126-7D8A-44E8-A92C-952ADA8FDF65}.Release|Any CPU.ActiveCfg = Release|Any CPU
		{12ACF126-7D8A-44E8-A92C-952ADA8FDF65}.Release|Any CPU.Build.0 = Release|Any CPU
		{F017335A-5BAC-41D7-BBD5-4CC52498294F}.Debug|Any CPU.ActiveCfg = Debug|Any CPU
		{F017335A-5BAC-41D7-BBD5-4CC52498294F}.Debug|Any CPU.Build.0 = Debug|Any CPU
		{F017335A-5BAC-41D7-BBD5-4CC52498294F}.Release|Any CPU.ActiveCfg = Release|Any CPU
		{F017335A-5BAC-41D7-BBD5-4CC52498294F}.Release|Any CPU.Build.0 = Release|Any CPU
	EndGlobalSection
	GlobalSection(SolutionProperties) = preSolution
		HideSolutionNode = FALSE
	EndGlobalSection
	GlobalSection(ExtensibilityGlobals) = postSolution
		SolutionGuid = {0C759270-B81F-4EA8-8FF3-05E0B27A0C1B}
	EndGlobalSection
EndGlobal
