
Microsoft Visual Studio Solution File, Format Version 12.00
# Visual Studio Version 17
VisualStudioVersion = 17.2.32630.192
MinimumVisualStudioVersion = 10.0.40219.1
Project("{FAE04EC0-301F-11D3-BF4B-00C04F79EFBC}") = "ShapesDemo.API", "ShapesDemo\ShapesDemo.API.csproj", "{ED08C765-6F6F-4FDC-962B-C2A39DECC196}"
EndProject
Project("{FAE04EC0-301F-11D3-BF4B-00C04F79EFBC}") = "ShapesDemo.DTOs", "ShapesDemo.DTOs\ShapesDemo.DTOs.csproj", "{D1F69368-6829-4E49-94CD-672DD2F08518}"
EndProject
Project("{FAE04EC0-301F-11D3-BF4B-00C04F79EFBC}") = "ShapesDemo.Common", "ShapesDemo.Common\ShapesDemo.Common.csproj", "{27E00D55-2D86-4154-9233-D4E2EBFBE1CF}"
EndProject
Project("{FAE04EC0-301F-11D3-BF4B-00C04F79EFBC}") = "ShapesDemo.Interfaces", "ShapesDemo.Interfaces\ShapesDemo.Interfaces.csproj", "{2908F2F5-9F0B-4ECF-B4F2-141CD6D77B0D}"
EndProject
Project("{FAE04EC0-301F-11D3-BF4B-00C04F79EFBC}") = "ShapesDemo.Services", "ShapesDemo.Services\ShapesDemo.Services.csproj", "{907E5AEA-9202-4D82-A9D7-0E3B7FEF839F}"
EndProject
Global
	GlobalSection(SolutionConfigurationPlatforms) = preSolution
		Debug|Any CPU = Debug|Any CPU
		Release|Any CPU = Release|Any CPU
	EndGlobalSection
	GlobalSection(ProjectConfigurationPlatforms) = postSolution
		{ED08C765-6F6F-4FDC-962B-C2A39DECC196}.Debug|Any CPU.ActiveCfg = Debug|Any CPU
		{ED08C765-6F6F-4FDC-962B-C2A39DECC196}.Debug|Any CPU.Build.0 = Debug|Any CPU
		{ED08C765-6F6F-4FDC-962B-C2A39DECC196}.Release|Any CPU.ActiveCfg = Release|Any CPU
		{ED08C765-6F6F-4FDC-962B-C2A39DECC196}.Release|Any CPU.Build.0 = Release|Any CPU
		{D1F69368-6829-4E49-94CD-672DD2F08518}.Debug|Any CPU.ActiveCfg = Debug|Any CPU
		{D1F69368-6829-4E49-94CD-672DD2F08518}.Debug|Any CPU.Build.0 = Debug|Any CPU
		{D1F69368-6829-4E49-94CD-672DD2F08518}.Release|Any CPU.ActiveCfg = Release|Any CPU
		{D1F69368-6829-4E49-94CD-672DD2F08518}.Release|Any CPU.Build.0 = Release|Any CPU
		{27E00D55-2D86-4154-9233-D4E2EBFBE1CF}.Debug|Any CPU.ActiveCfg = Debug|Any CPU
		{27E00D55-2D86-4154-9233-D4E2EBFBE1CF}.Debug|Any CPU.Build.0 = Debug|Any CPU
		{27E00D55-2D86-4154-9233-D4E2EBFBE1CF}.Release|Any CPU.ActiveCfg = Release|Any CPU
		{27E00D55-2D86-4154-9233-D4E2EBFBE1CF}.Release|Any CPU.Build.0 = Release|Any CPU
		{2908F2F5-9F0B-4ECF-B4F2-141CD6D77B0D}.Debug|Any CPU.ActiveCfg = Debug|Any CPU
		{2908F2F5-9F0B-4ECF-B4F2-141CD6D77B0D}.Debug|Any CPU.Build.0 = Debug|Any CPU
		{2908F2F5-9F0B-4ECF-B4F2-141CD6D77B0D}.Release|Any CPU.ActiveCfg = Release|Any CPU
		{2908F2F5-9F0B-4ECF-B4F2-141CD6D77B0D}.Release|Any CPU.Build.0 = Release|Any CPU
		{907E5AEA-9202-4D82-A9D7-0E3B7FEF839F}.Debug|Any CPU.ActiveCfg = Debug|Any CPU
		{907E5AEA-9202-4D82-A9D7-0E3B7FEF839F}.Debug|Any CPU.Build.0 = Debug|Any CPU
		{907E5AEA-9202-4D82-A9D7-0E3B7FEF839F}.Release|Any CPU.ActiveCfg = Release|Any CPU
		{907E5AEA-9202-4D82-A9D7-0E3B7FEF839F}.Release|Any CPU.Build.0 = Release|Any CPU
	EndGlobalSection
	GlobalSection(SolutionProperties) = preSolution
		HideSolutionNode = FALSE
	EndGlobalSection
	GlobalSection(ExtensibilityGlobals) = postSolution
		SolutionGuid = {0A1D1617-B22E-40E9-BD61-6F94EB2A0BAD}
	EndGlobalSection
EndGlobal
